
Microsoft Visual Studio Solution File, Format Version 12.00
# Visual Studio Version 17
VisualStudioVersion = 17.7.34018.315
MinimumVisualStudioVersion = 10.0.40219.1
Project("{FAE04EC0-301F-11D3-BF4B-00C04F79EFBC}") = "Preguntas", "Preguntas\Preguntas.csproj", "{11670C6E-EC19-4A44-96A2-028CDF785753}"
EndProject
Global
	GlobalSection(SolutionConfigurationPlatforms) = preSolution
		Debug|Any CPU = Debug|Any CPU
		Release|Any CPU = Release|Any CPU
	EndGlobalSection
	GlobalSection(ProjectConfigurationPlatforms) = postSolution
		{11670C6E-EC19-4A44-96A2-028CDF785753}.Debug|Any CPU.ActiveCfg = Debug|Any CPU
		{11670C6E-EC19-4A44-96A2-028CDF785753}.Debug|Any CPU.Build.0 = Debug|Any CPU
		{11670C6E-EC19-4A44-96A2-028CDF785753}.Release|Any CPU.ActiveCfg = Release|Any CPU
		{11670C6E-EC19-4A44-96A2-028CDF785753}.Release|Any CPU.Build.0 = Release|Any CPU
	EndGlobalSection
	GlobalSection(SolutionProperties) = preSolution
		HideSolutionNode = FALSE
	EndGlobalSection
	GlobalSection(ExtensibilityGlobals) = postSolution
		SolutionGuid = {B1BE6197-D7E3-4C66-8C8F-25B4C324FE49}
	EndGlobalSection
EndGlobal
